
Microsoft Visual Studio Solution File, Format Version 12.00
# Visual Studio 15
VisualStudioVersion = 15.0.28307.329
MinimumVisualStudioVersion = 10.0.40219.1
Project("{FAE04EC0-301F-11D3-BF4B-00C04F79EFBC}") = "MailService.API", "MailService.API\MailService.API.csproj", "{7465BAD0-754A-48B0-B331-AF7385089651}"
EndProject
Project("{FAE04EC0-301F-11D3-BF4B-00C04F79EFBC}") = "MailService.Domain", "MailService.Domain\MailService.Domain.csproj", "{AF4A0551-AF56-4E99-9368-34DE289A9969}"
EndProject
Project("{FAE04EC0-301F-11D3-BF4B-00C04F79EFBC}") = "MailService.Services", "MailService.Services\MailService.Services.csproj", "{2DACBBF9-7F7A-4E5B-B498-672C32581C11}"
EndProject
Global
	GlobalSection(SolutionConfigurationPlatforms) = preSolution
		Debug|Any CPU = Debug|Any CPU
		Release|Any CPU = Release|Any CPU
	EndGlobalSection
	GlobalSection(ProjectConfigurationPlatforms) = postSolution
		{7465BAD0-754A-48B0-B331-AF7385089651}.Debug|Any CPU.ActiveCfg = Debug|Any CPU
		{7465BAD0-754A-48B0-B331-AF7385089651}.Debug|Any CPU.Build.0 = Debug|Any CPU
		{7465BAD0-754A-48B0-B331-AF7385089651}.Release|Any CPU.ActiveCfg = Release|Any CPU
		{7465BAD0-754A-48B0-B331-AF7385089651}.Release|Any CPU.Build.0 = Release|Any CPU
		{AF4A0551-AF56-4E99-9368-34DE289A9969}.Debug|Any CPU.ActiveCfg = Debug|Any CPU
		{AF4A0551-AF56-4E99-9368-34DE289A9969}.Debug|Any CPU.Build.0 = Debug|Any CPU
		{AF4A0551-AF56-4E99-9368-34DE289A9969}.Release|Any CPU.ActiveCfg = Release|Any CPU
		{AF4A0551-AF56-4E99-9368-34DE289A9969}.Release|Any CPU.Build.0 = Release|Any CPU
		{2DACBBF9-7F7A-4E5B-B498-672C32581C11}.Debug|Any CPU.ActiveCfg = Debug|Any CPU
		{2DACBBF9-7F7A-4E5B-B498-672C32581C11}.Debug|Any CPU.Build.0 = Debug|Any CPU
		{2DACBBF9-7F7A-4E5B-B498-672C32581C11}.Release|Any CPU.ActiveCfg = Release|Any CPU
		{2DACBBF9-7F7A-4E5B-B498-672C32581C11}.Release|Any CPU.Build.0 = Release|Any CPU
	EndGlobalSection
	GlobalSection(SolutionProperties) = preSolution
		HideSolutionNode = FALSE
	EndGlobalSection
	GlobalSection(ExtensibilityGlobals) = postSolution
		SolutionGuid = {C7508670-5930-435B-A962-9096E1E73699}
	EndGlobalSection
EndGlobal
